
Microsoft Visual Studio Solution File, Format Version 12.00
# Visual Studio 15
VisualStudioVersion = 15.0.27703.2035
MinimumVisualStudioVersion = 10.0.40219.1
Project("{FAE04EC0-301F-11D3-BF4B-00C04F79EFBC}") = "VisualCalculator", "VisualCalculator\VisualCalculator.csproj", "{25E1A77C-EA07-4178-9EA0-3B96E9405D24}"
EndProject
Project("{FAE04EC0-301F-11D3-BF4B-00C04F79EFBC}") = "Version1", "Version1\Version1.csproj", "{02EA821E-8CB6-45A8-9D49-5841B4DDEBA5}"
EndProject
Project("{FAE04EC0-301F-11D3-BF4B-00C04F79EFBC}") = "Arithmetic Interpreter", "Arithmetic Interpreter\Arithmetic Interpreter.csproj", "{896A3668-265C-46B4-A2BE-55004DE3372B}"
EndProject
Project("{FAE04EC0-301F-11D3-BF4B-00C04F79EFBC}") = "Arithmetic Interpreter UWP", "Arithmetic Interpreter UWP\Arithmetic Interpreter UWP.csproj", "{48CB184D-9DB3-41BA-A3BC-081C076DEE98}"
EndProject
Project("{FAE04EC0-301F-11D3-BF4B-00C04F79EFBC}") = "CodeAnalyser", "CodeAnalyser\CodeAnalyser.csproj", "{B5B71426-21AE-4A89-A42C-3F14BAE8039F}"
EndProject
Global
	GlobalSection(SolutionConfigurationPlatforms) = preSolution
		Debug|Any CPU = Debug|Any CPU
		Debug|ARM = Debug|ARM
		Debug|x64 = Debug|x64
		Debug|x86 = Debug|x86
		Release|Any CPU = Release|Any CPU
		Release|ARM = Release|ARM
		Release|x64 = Release|x64
		Release|x86 = Release|x86
	EndGlobalSection
	GlobalSection(ProjectConfigurationPlatforms) = postSolution
		{25E1A77C-EA07-4178-9EA0-3B96E9405D24}.Debug|Any CPU.ActiveCfg = Debug|Any CPU
		{25E1A77C-EA07-4178-9EA0-3B96E9405D24}.Debug|Any CPU.Build.0 = Debug|Any CPU
		{25E1A77C-EA07-4178-9EA0-3B96E9405D24}.Debug|ARM.ActiveCfg = Debug|Any CPU
		{25E1A77C-EA07-4178-9EA0-3B96E9405D24}.Debug|ARM.Build.0 = Debug|Any CPU
		{25E1A77C-EA07-4178-9EA0-3B96E9405D24}.Debug|x64.ActiveCfg = Debug|Any CPU
		{25E1A77C-EA07-4178-9EA0-3B96E9405D24}.Debug|x64.Build.0 = Debug|Any CPU
		{25E1A77C-EA07-4178-9EA0-3B96E9405D24}.Debug|x86.ActiveCfg = Debug|Any CPU
		{25E1A77C-EA07-4178-9EA0-3B96E9405D24}.Debug|x86.Build.0 = Debug|Any CPU
		{25E1A77C-EA07-4178-9EA0-3B96E9405D24}.Release|Any CPU.ActiveCfg = Release|Any CPU
		{25E1A77C-EA07-4178-9EA0-3B96E9405D24}.Release|Any CPU.Build.0 = Release|Any CPU
		{25E1A77C-EA07-4178-9EA0-3B96E9405D24}.Release|ARM.ActiveCfg = Release|Any CPU
		{25E1A77C-EA07-4178-9EA0-3B96E9405D24}.Release|ARM.Build.0 = Release|Any CPU
		{25E1A77C-EA07-4178-9EA0-3B96E9405D24}.Release|x64.ActiveCfg = Release|Any CPU
		{25E1A77C-EA07-4178-9EA0-3B96E9405D24}.Release|x64.Build.0 = Release|Any CPU
		{25E1A77C-EA07-4178-9EA0-3B96E9405D24}.Release|x86.ActiveCfg = Release|Any CPU
		{25E1A77C-EA07-4178-9EA0-3B96E9405D24}.Release|x86.Build.0 = Release|Any CPU
		{02EA821E-8CB6-45A8-9D49-5841B4DDEBA5}.Debug|Any CPU.ActiveCfg = Debug|Any CPU
		{02EA821E-8CB6-45A8-9D49-5841B4DDEBA5}.Debug|Any CPU.Build.0 = Debug|Any CPU
		{02EA821E-8CB6-45A8-9D49-5841B4DDEBA5}.Debug|ARM.ActiveCfg = Debug|Any CPU
		{02EA821E-8CB6-45A8-9D49-5841B4DDEBA5}.Debug|ARM.Build.0 = Debug|Any CPU
		{02EA821E-8CB6-45A8-9D49-5841B4DDEBA5}.Debug|x64.ActiveCfg = Debug|Any CPU
		{02EA821E-8CB6-45A8-9D49-5841B4DDEBA5}.Debug|x64.Build.0 = Debug|Any CPU
		{02EA821E-8CB6-45A8-9D49-5841B4DDEBA5}.Debug|x86.ActiveCfg = Debug|Any CPU
		{02EA821E-8CB6-45A8-9D49-5841B4DDEBA5}.Debug|x86.Build.0 = Debug|Any CPU
		{02EA821E-8CB6-45A8-9D49-5841B4DDEBA5}.Release|Any CPU.ActiveCfg = Release|Any CPU
		{02EA821E-8CB6-45A8-9D49-5841B4DDEBA5}.Release|Any CPU.Build.0 = Release|Any CPU
		{02EA821E-8CB6-45A8-9D49-5841B4DDEBA5}.Release|ARM.ActiveCfg = Release|Any CPU
		{02EA821E-8CB6-45A8-9D49-5841B4DDEBA5}.Release|ARM.Build.0 = Release|Any CPU
		{02EA821E-8CB6-45A8-9D49-5841B4DDEBA5}.Release|x64.ActiveCfg = Release|Any CPU
		{02EA821E-8CB6-45A8-9D49-5841B4DDEBA5}.Release|x64.Build.0 = Release|Any CPU
		{02EA821E-8CB6-45A8-9D49-5841B4DDEBA5}.Release|x86.ActiveCfg = Release|Any CPU
		{02EA821E-8CB6-45A8-9D49-5841B4DDEBA5}.Release|x86.Build.0 = Release|Any CPU
		{896A3668-265C-46B4-A2BE-55004DE3372B}.Debug|Any CPU.ActiveCfg = Debug|Any CPU
		{896A3668-265C-46B4-A2BE-55004DE3372B}.Debug|Any CPU.Build.0 = Debug|Any CPU
		{896A3668-265C-46B4-A2BE-55004DE3372B}.Debug|ARM.ActiveCfg = Debug|Any CPU
		{896A3668-265C-46B4-A2BE-55004DE3372B}.Debug|ARM.Build.0 = Debug|Any CPU
		{896A3668-265C-46B4-A2BE-55004DE3372B}.Debug|x64.ActiveCfg = Debug|Any CPU
		{896A3668-265C-46B4-A2BE-55004DE3372B}.Debug|x64.Build.0 = Debug|Any CPU
		{896A3668-265C-46B4-A2BE-55004DE3372B}.Debug|x86.ActiveCfg = Debug|Any CPU
		{896A3668-265C-46B4-A2BE-55004DE3372B}.Debug|x86.Build.0 = Debug|Any CPU
		{896A3668-265C-46B4-A2BE-55004DE3372B}.Release|Any CPU.ActiveCfg = Release|Any CPU
		{896A3668-265C-46B4-A2BE-55004DE3372B}.Release|Any CPU.Build.0 = Release|Any CPU
		{896A3668-265C-46B4-A2BE-55004DE3372B}.Release|ARM.ActiveCfg = Release|Any CPU
		{896A3668-265C-46B4-A2BE-55004DE3372B}.Release|ARM.Build.0 = Release|Any CPU
		{896A3668-265C-46B4-A2BE-55004DE3372B}.Release|x64.ActiveCfg = Release|Any CPU
		{896A3668-265C-46B4-A2BE-55004DE3372B}.Release|x64.Build.0 = Release|Any CPU
		{896A3668-265C-46B4-A2BE-55004DE3372B}.Release|x86.ActiveCfg = Release|Any CPU
		{896A3668-265C-46B4-A2BE-55004DE3372B}.Release|x86.Build.0 = Release|Any CPU
		{48CB184D-9DB3-41BA-A3BC-081C076DEE98}.Debug|Any CPU.ActiveCfg = Debug|x64
		{48CB184D-9DB3-41BA-A3BC-081C076DEE98}.Debug|Any CPU.Build.0 = Debug|x64
		{48CB184D-9DB3-41BA-A3BC-081C076DEE98}.Debug|Any CPU.Deploy.0 = Debug|x64
		{48CB184D-9DB3-41BA-A3BC-081C076DEE98}.Debug|ARM.ActiveCfg = Debug|ARM
		{48CB184D-9DB3-41BA-A3BC-081C076DEE98}.Debug|ARM.Build.0 = Debug|ARM
		{48CB184D-9DB3-41BA-A3BC-081C076DEE98}.Debug|ARM.Deploy.0 = Debug|ARM
		{48CB184D-9DB3-41BA-A3BC-081C076DEE98}.Debug|x64.ActiveCfg = Debug|x64
		{48CB184D-9DB3-41BA-A3BC-081C076DEE98}.Debug|x64.Build.0 = Debug|x64
		{48CB184D-9DB3-41BA-A3BC-081C076DEE98}.Debug|x64.Deploy.0 = Debug|x64
		{48CB184D-9DB3-41BA-A3BC-081C076DEE98}.Debug|x86.ActiveCfg = Debug|x86
		{48CB184D-9DB3-41BA-A3BC-081C076DEE98}.Debug|x86.Build.0 = Debug|x86
		{48CB184D-9DB3-41BA-A3BC-081C076DEE98}.Debug|x86.Deploy.0 = Debug|x86
		{48CB184D-9DB3-41BA-A3BC-081C076DEE98}.Release|Any CPU.ActiveCfg = Release|x86
		{48CB184D-9DB3-41BA-A3BC-081C076DEE98}.Release|ARM.ActiveCfg = Release|ARM
		{48CB184D-9DB3-41BA-A3BC-081C076DEE98}.Release|ARM.Build.0 = Release|ARM
		{48CB184D-9DB3-41BA-A3BC-081C076DEE98}.Release|ARM.Deploy.0 = Release|ARM
		{48CB184D-9DB3-41BA-A3BC-081C076DEE98}.Release|x64.ActiveCfg = Release|x64
		{48CB184D-9DB3-41BA-A3BC-081C076DEE98}.Release|x64.Build.0 = Release|x64
		{48CB184D-9DB3-41BA-A3BC-081C076DEE98}.Release|x64.Deploy.0 = Release|x64
		{48CB184D-9DB3-41BA-A3BC-081C076DEE98}.Release|x86.ActiveCfg = Release|x86
		{48CB184D-9DB3-41BA-A3BC-081C076DEE98}.Release|x86.Build.0 = Release|x86
		{48CB184D-9DB3-41BA-A3BC-081C076DEE98}.Release|x86.Deploy.0 = Release|x86
		{B5B71426-21AE-4A89-A42C-3F14BAE8039F}.Debug|Any CPU.ActiveCfg = Debug|Any CPU
		{B5B71426-21AE-4A89-A42C-3F14BAE8039F}.Debug|Any CPU.Build.0 = Debug|Any CPU
		{B5B71426-21AE-4A89-A42C-3F14BAE8039F}.Debug|ARM.ActiveCfg = Debug|ARM
		{B5B71426-21AE-4A89-A42C-3F14BAE8039F}.Debug|ARM.Build.0 = Debug|ARM
		{B5B71426-21AE-4A89-A42C-3F14BAE8039F}.Debug|x64.ActiveCfg = Debug|x64
		{B5B71426-21AE-4A89-A42C-3F14BAE8039F}.Debug|x64.Build.0 = Debug|x64
		{B5B71426-21AE-4A89-A42C-3F14BAE8039F}.Debug|x86.ActiveCfg = Debug|x86
		{B5B71426-21AE-4A89-A42C-3F14BAE8039F}.Debug|x86.Build.0 = Debug|x86
		{B5B71426-21AE-4A89-A42C-3F14BAE8039F}.Release|Any CPU.ActiveCfg = Release|Any CPU
		{B5B71426-21AE-4A89-A42C-3F14BAE8039F}.Release|Any CPU.Build.0 = Release|Any CPU
		{B5B71426-21AE-4A89-A42C-3F14BAE8039F}.Release|ARM.ActiveCfg = Release|ARM
		{B5B71426-21AE-4A89-A42C-3F14BAE8039F}.Release|ARM.Build.0 = Release|ARM
		{B5B71426-21AE-4A89-A42C-3F14BAE8039F}.Release|x64.ActiveCfg = Release|x64
		{B5B71426-21AE-4A89-A42C-3F14BAE8039F}.Release|x64.Build.0 = Release|x64
		{B5B71426-21AE-4A89-A42C-3F14BAE8039F}.Release|x86.ActiveCfg = Release|x86
		{B5B71426-21AE-4A89-A42C-3F14BAE8039F}.Release|x86.Build.0 = Release|x86
	EndGlobalSection
	GlobalSection(SolutionProperties) = preSolution
		HideSolutionNode = FALSE
	EndGlobalSection
	GlobalSection(ExtensibilityGlobals) = postSolution
		SolutionGuid = {CFFED772-EC44-4411-BB5B-0E6FF2A6F1E1}
	EndGlobalSection
EndGlobal
