
Microsoft Visual Studio Solution File, Format Version 12.00
# Visual Studio 15
VisualStudioVersion = 15.0.27703.2035
MinimumVisualStudioVersion = 10.0.40219.1
Project("{FAE04EC0-301F-11D3-BF4B-00C04F79EFBC}") = "Arithmetic Interpreter UWP", "Arithmetic Interpreter UWP\Arithmetic Interpreter UWP.csproj", "{48CB184D-9DB3-41BA-A3BC-081C076DEE98}"
EndProject
Project("{9A19103F-16F7-4668-BE54-9A1E7A4F7556}") = "SchemeProcedures", "SchemeProcedures\SchemeProcedures.csproj", "{2C95DD32-F6D7-477A-8E67-1DBB6E677A08}"
EndProject
Project("{9A19103F-16F7-4668-BE54-9A1E7A4F7556}") = "CodeAnalyser", "CodeAnalyser\CodeAnalyser.csproj", "{A671EBC2-19B2-4E27-BF94-95C0E4512971}"
EndProject
Project("{FAE04EC0-301F-11D3-BF4B-00C04F79EFBC}") = "Test", "Test\Test.csproj", "{817B5435-BCDB-40C9-8496-0CB3FBC56AA2}"
EndProject
Global
	GlobalSection(SolutionConfigurationPlatforms) = preSolution
		Debug|Any CPU = Debug|Any CPU
		Debug|ARM = Debug|ARM
		Debug|x64 = Debug|x64
		Debug|x86 = Debug|x86
		Release|Any CPU = Release|Any CPU
		Release|ARM = Release|ARM
		Release|x64 = Release|x64
		Release|x86 = Release|x86
	EndGlobalSection
	GlobalSection(ProjectConfigurationPlatforms) = postSolution
		{48CB184D-9DB3-41BA-A3BC-081C076DEE98}.Debug|Any CPU.ActiveCfg = Debug|x64
		{48CB184D-9DB3-41BA-A3BC-081C076DEE98}.Debug|Any CPU.Build.0 = Debug|x64
		{48CB184D-9DB3-41BA-A3BC-081C076DEE98}.Debug|Any CPU.Deploy.0 = Debug|x64
		{48CB184D-9DB3-41BA-A3BC-081C076DEE98}.Debug|ARM.ActiveCfg = Debug|ARM
		{48CB184D-9DB3-41BA-A3BC-081C076DEE98}.Debug|ARM.Build.0 = Debug|ARM
		{48CB184D-9DB3-41BA-A3BC-081C076DEE98}.Debug|ARM.Deploy.0 = Debug|ARM
		{48CB184D-9DB3-41BA-A3BC-081C076DEE98}.Debug|x64.ActiveCfg = Debug|x64
		{48CB184D-9DB3-41BA-A3BC-081C076DEE98}.Debug|x64.Build.0 = Debug|x64
		{48CB184D-9DB3-41BA-A3BC-081C076DEE98}.Debug|x64.Deploy.0 = Debug|x64
		{48CB184D-9DB3-41BA-A3BC-081C076DEE98}.Debug|x86.ActiveCfg = Debug|x86
		{48CB184D-9DB3-41BA-A3BC-081C076DEE98}.Debug|x86.Build.0 = Debug|x86
		{48CB184D-9DB3-41BA-A3BC-081C076DEE98}.Debug|x86.Deploy.0 = Debug|x86
		{48CB184D-9DB3-41BA-A3BC-081C076DEE98}.Release|Any CPU.ActiveCfg = Release|x86
		{48CB184D-9DB3-41BA-A3BC-081C076DEE98}.Release|ARM.ActiveCfg = Release|ARM
		{48CB184D-9DB3-41BA-A3BC-081C076DEE98}.Release|ARM.Build.0 = Release|ARM
		{48CB184D-9DB3-41BA-A3BC-081C076DEE98}.Release|ARM.Deploy.0 = Release|ARM
		{48CB184D-9DB3-41BA-A3BC-081C076DEE98}.Release|x64.ActiveCfg = Release|x64
		{48CB184D-9DB3-41BA-A3BC-081C076DEE98}.Release|x64.Build.0 = Release|x64
		{48CB184D-9DB3-41BA-A3BC-081C076DEE98}.Release|x64.Deploy.0 = Release|x64
		{48CB184D-9DB3-41BA-A3BC-081C076DEE98}.Release|x86.ActiveCfg = Release|x86
		{48CB184D-9DB3-41BA-A3BC-081C076DEE98}.Release|x86.Build.0 = Release|x86
		{48CB184D-9DB3-41BA-A3BC-081C076DEE98}.Release|x86.Deploy.0 = Release|x86
		{2C95DD32-F6D7-477A-8E67-1DBB6E677A08}.Debug|Any CPU.ActiveCfg = Debug|Any CPU
		{2C95DD32-F6D7-477A-8E67-1DBB6E677A08}.Debug|Any CPU.Build.0 = Debug|Any CPU
		{2C95DD32-F6D7-477A-8E67-1DBB6E677A08}.Debug|ARM.ActiveCfg = Debug|Any CPU
		{2C95DD32-F6D7-477A-8E67-1DBB6E677A08}.Debug|ARM.Build.0 = Debug|Any CPU
		{2C95DD32-F6D7-477A-8E67-1DBB6E677A08}.Debug|x64.ActiveCfg = Debug|Any CPU
		{2C95DD32-F6D7-477A-8E67-1DBB6E677A08}.Debug|x64.Build.0 = Debug|Any CPU
		{2C95DD32-F6D7-477A-8E67-1DBB6E677A08}.Debug|x86.ActiveCfg = Debug|Any CPU
		{2C95DD32-F6D7-477A-8E67-1DBB6E677A08}.Debug|x86.Build.0 = Debug|Any CPU
		{2C95DD32-F6D7-477A-8E67-1DBB6E677A08}.Release|Any CPU.ActiveCfg = Release|Any CPU
		{2C95DD32-F6D7-477A-8E67-1DBB6E677A08}.Release|Any CPU.Build.0 = Release|Any CPU
		{2C95DD32-F6D7-477A-8E67-1DBB6E677A08}.Release|ARM.ActiveCfg = Release|Any CPU
		{2C95DD32-F6D7-477A-8E67-1DBB6E677A08}.Release|ARM.Build.0 = Release|Any CPU
		{2C95DD32-F6D7-477A-8E67-1DBB6E677A08}.Release|x64.ActiveCfg = Release|Any CPU
		{2C95DD32-F6D7-477A-8E67-1DBB6E677A08}.Release|x64.Build.0 = Release|Any CPU
		{2C95DD32-F6D7-477A-8E67-1DBB6E677A08}.Release|x86.ActiveCfg = Release|Any CPU
		{2C95DD32-F6D7-477A-8E67-1DBB6E677A08}.Release|x86.Build.0 = Release|Any CPU
		{A671EBC2-19B2-4E27-BF94-95C0E4512971}.Debug|Any CPU.ActiveCfg = Debug|Any CPU
		{A671EBC2-19B2-4E27-BF94-95C0E4512971}.Debug|Any CPU.Build.0 = Debug|Any CPU
		{A671EBC2-19B2-4E27-BF94-95C0E4512971}.Debug|ARM.ActiveCfg = Debug|Any CPU
		{A671EBC2-19B2-4E27-BF94-95C0E4512971}.Debug|ARM.Build.0 = Debug|Any CPU
		{A671EBC2-19B2-4E27-BF94-95C0E4512971}.Debug|x64.ActiveCfg = Debug|Any CPU
		{A671EBC2-19B2-4E27-BF94-95C0E4512971}.Debug|x64.Build.0 = Debug|Any CPU
		{A671EBC2-19B2-4E27-BF94-95C0E4512971}.Debug|x86.ActiveCfg = Debug|Any CPU
		{A671EBC2-19B2-4E27-BF94-95C0E4512971}.Debug|x86.Build.0 = Debug|Any CPU
		{A671EBC2-19B2-4E27-BF94-95C0E4512971}.Release|Any CPU.ActiveCfg = Release|Any CPU
		{A671EBC2-19B2-4E27-BF94-95C0E4512971}.Release|Any CPU.Build.0 = Release|Any CPU
		{A671EBC2-19B2-4E27-BF94-95C0E4512971}.Release|ARM.ActiveCfg = Release|Any CPU
		{A671EBC2-19B2-4E27-BF94-95C0E4512971}.Release|ARM.Build.0 = Release|Any CPU
		{A671EBC2-19B2-4E27-BF94-95C0E4512971}.Release|x64.ActiveCfg = Release|Any CPU
		{A671EBC2-19B2-4E27-BF94-95C0E4512971}.Release|x64.Build.0 = Release|Any CPU
		{A671EBC2-19B2-4E27-BF94-95C0E4512971}.Release|x86.ActiveCfg = Release|Any CPU
		{A671EBC2-19B2-4E27-BF94-95C0E4512971}.Release|x86.Build.0 = Release|Any CPU
		{817B5435-BCDB-40C9-8496-0CB3FBC56AA2}.Debug|Any CPU.ActiveCfg = Debug|Any CPU
		{817B5435-BCDB-40C9-8496-0CB3FBC56AA2}.Debug|Any CPU.Build.0 = Debug|Any CPU
		{817B5435-BCDB-40C9-8496-0CB3FBC56AA2}.Debug|ARM.ActiveCfg = Debug|Any CPU
		{817B5435-BCDB-40C9-8496-0CB3FBC56AA2}.Debug|ARM.Build.0 = Debug|Any CPU
		{817B5435-BCDB-40C9-8496-0CB3FBC56AA2}.Debug|x64.ActiveCfg = Debug|Any CPU
		{817B5435-BCDB-40C9-8496-0CB3FBC56AA2}.Debug|x64.Build.0 = Debug|Any CPU
		{817B5435-BCDB-40C9-8496-0CB3FBC56AA2}.Debug|x86.ActiveCfg = Debug|Any CPU
		{817B5435-BCDB-40C9-8496-0CB3FBC56AA2}.Debug|x86.Build.0 = Debug|Any CPU
		{817B5435-BCDB-40C9-8496-0CB3FBC56AA2}.Release|Any CPU.ActiveCfg = Release|Any CPU
		{817B5435-BCDB-40C9-8496-0CB3FBC56AA2}.Release|Any CPU.Build.0 = Release|Any CPU
		{817B5435-BCDB-40C9-8496-0CB3FBC56AA2}.Release|ARM.ActiveCfg = Release|Any CPU
		{817B5435-BCDB-40C9-8496-0CB3FBC56AA2}.Release|ARM.Build.0 = Release|Any CPU
		{817B5435-BCDB-40C9-8496-0CB3FBC56AA2}.Release|x64.ActiveCfg = Release|Any CPU
		{817B5435-BCDB-40C9-8496-0CB3FBC56AA2}.Release|x64.Build.0 = Release|Any CPU
		{817B5435-BCDB-40C9-8496-0CB3FBC56AA2}.Release|x86.ActiveCfg = Release|Any CPU
		{817B5435-BCDB-40C9-8496-0CB3FBC56AA2}.Release|x86.Build.0 = Release|Any CPU
	EndGlobalSection
	GlobalSection(SolutionProperties) = preSolution
		HideSolutionNode = FALSE
	EndGlobalSection
	GlobalSection(ExtensibilityGlobals) = postSolution
		SolutionGuid = {CFFED772-EC44-4411-BB5B-0E6FF2A6F1E1}
	EndGlobalSection
EndGlobal
